
Microsoft Visual Studio Solution File, Format Version 12.00
# Visual Studio Version 16
VisualStudioVersion = 16.0.31019.35
MinimumVisualStudioVersion = 10.0.40219.1
Project("{9A19103F-16F7-4668-BE54-9A1E7A4F7556}") = "WordFinder", "WordFinder\WordFinder.csproj", "{06D71DEE-A6AE-427D-A35A-2DFC74C1CA01}"
EndProject
Project("{FAE04EC0-301F-11D3-BF4B-00C04F79EFBC}") = "WordFinder.Test", "WordFinder.Test\WordFinder.Test.csproj", "{F39EC1B0-8437-4DFD-AFF4-DA6E655A3BAF}"
EndProject
Global
	GlobalSection(SolutionConfigurationPlatforms) = preSolution
		Debug|Any CPU = Debug|Any CPU
		Release|Any CPU = Release|Any CPU
	EndGlobalSection
	GlobalSection(ProjectConfigurationPlatforms) = postSolution
		{06D71DEE-A6AE-427D-A35A-2DFC74C1CA01}.Debug|Any CPU.ActiveCfg = Debug|Any CPU
		{06D71DEE-A6AE-427D-A35A-2DFC74C1CA01}.Debug|Any CPU.Build.0 = Debug|Any CPU
		{06D71DEE-A6AE-427D-A35A-2DFC74C1CA01}.Release|Any CPU.ActiveCfg = Release|Any CPU
		{06D71DEE-A6AE-427D-A35A-2DFC74C1CA01}.Release|Any CPU.Build.0 = Release|Any CPU
		{F39EC1B0-8437-4DFD-AFF4-DA6E655A3BAF}.Debug|Any CPU.ActiveCfg = Debug|Any CPU
		{F39EC1B0-8437-4DFD-AFF4-DA6E655A3BAF}.Debug|Any CPU.Build.0 = Debug|Any CPU
		{F39EC1B0-8437-4DFD-AFF4-DA6E655A3BAF}.Release|Any CPU.ActiveCfg = Release|Any CPU
		{F39EC1B0-8437-4DFD-AFF4-DA6E655A3BAF}.Release|Any CPU.Build.0 = Release|Any CPU
	EndGlobalSection
	GlobalSection(SolutionProperties) = preSolution
		HideSolutionNode = FALSE
	EndGlobalSection
	GlobalSection(ExtensibilityGlobals) = postSolution
		SolutionGuid = {4B1E0699-6C24-4B25-9826-6324FD1202DB}
	EndGlobalSection
EndGlobal
